
Microsoft Visual Studio Solution File, Format Version 12.00
# Visual Studio Version 17
VisualStudioVersion = 17.6.33815.320
MinimumVisualStudioVersion = 10.0.40219.1
Project("{9A19103F-16F7-4668-BE54-9A1E7A4F7556}") = "AttrakDiffResearch.Api", "AttrakDiffResearch.Api\AttrakDiffResearch.Api.csproj", "{7AF55D5C-B5F0-4E9D-A010-488DF2297D61}"
EndProject
Project("{9A19103F-16F7-4668-BE54-9A1E7A4F7556}") = "AttrakDiffResearch.Domain", "AttrakDiffResearch.Domain\AttrakDiffResearch.Domain.csproj", "{09C04F92-4FA4-4F6E-A1B6-7876A68D8AE8}"
EndProject
Project("{FAE04EC0-301F-11D3-BF4B-00C04F79EFBC}") = "AttrakDiffResearch.Infrastructure.Data", "AttrakDiffResearch.Infrastructure.Data\AttrakDiffResearch.Infrastructure.Data.csproj", "{7F97726F-172D-480A-8767-C6B675EFCC11}"
EndProject
Project("{FAE04EC0-301F-11D3-BF4B-00C04F79EFBC}") = "AttrakDiffResearch.Infrastructure.IoC", "AttrakDiffResearch.Infrastructure.IoC\AttrakDiffResearch.Infrastructure.IoC.csproj", "{7E7A120A-36B0-4EB2-B68A-D9F398EF4046}"
EndProject
Project("{FAE04EC0-301F-11D3-BF4B-00C04F79EFBC}") = "AttrakDiffResearch.Application", "AttrakDiffResearch.Application\AttrakDiffResearch.Application.csproj", "{0F7396B9-70D9-4477-B5D9-952D1F09C88B}"
EndProject
Global
	GlobalSection(SolutionConfigurationPlatforms) = preSolution
		Debug|Any CPU = Debug|Any CPU
		Release|Any CPU = Release|Any CPU
	EndGlobalSection
	GlobalSection(ProjectConfigurationPlatforms) = postSolution
		{7AF55D5C-B5F0-4E9D-A010-488DF2297D61}.Debug|Any CPU.ActiveCfg = Debug|Any CPU
		{7AF55D5C-B5F0-4E9D-A010-488DF2297D61}.Debug|Any CPU.Build.0 = Debug|Any CPU
		{7AF55D5C-B5F0-4E9D-A010-488DF2297D61}.Release|Any CPU.ActiveCfg = Release|Any CPU
		{7AF55D5C-B5F0-4E9D-A010-488DF2297D61}.Release|Any CPU.Build.0 = Release|Any CPU
		{09C04F92-4FA4-4F6E-A1B6-7876A68D8AE8}.Debug|Any CPU.ActiveCfg = Debug|Any CPU
		{09C04F92-4FA4-4F6E-A1B6-7876A68D8AE8}.Debug|Any CPU.Build.0 = Debug|Any CPU
		{09C04F92-4FA4-4F6E-A1B6-7876A68D8AE8}.Release|Any CPU.ActiveCfg = Release|Any CPU
		{09C04F92-4FA4-4F6E-A1B6-7876A68D8AE8}.Release|Any CPU.Build.0 = Release|Any CPU
		{7F97726F-172D-480A-8767-C6B675EFCC11}.Debug|Any CPU.ActiveCfg = Debug|Any CPU
		{7F97726F-172D-480A-8767-C6B675EFCC11}.Debug|Any CPU.Build.0 = Debug|Any CPU
		{7F97726F-172D-480A-8767-C6B675EFCC11}.Release|Any CPU.ActiveCfg = Release|Any CPU
		{7F97726F-172D-480A-8767-C6B675EFCC11}.Release|Any CPU.Build.0 = Release|Any CPU
		{7E7A120A-36B0-4EB2-B68A-D9F398EF4046}.Debug|Any CPU.ActiveCfg = Debug|Any CPU
		{7E7A120A-36B0-4EB2-B68A-D9F398EF4046}.Debug|Any CPU.Build.0 = Debug|Any CPU
		{7E7A120A-36B0-4EB2-B68A-D9F398EF4046}.Release|Any CPU.ActiveCfg = Release|Any CPU
		{7E7A120A-36B0-4EB2-B68A-D9F398EF4046}.Release|Any CPU.Build.0 = Release|Any CPU
		{0F7396B9-70D9-4477-B5D9-952D1F09C88B}.Debug|Any CPU.ActiveCfg = Debug|Any CPU
		{0F7396B9-70D9-4477-B5D9-952D1F09C88B}.Debug|Any CPU.Build.0 = Debug|Any CPU
		{0F7396B9-70D9-4477-B5D9-952D1F09C88B}.Release|Any CPU.ActiveCfg = Release|Any CPU
		{0F7396B9-70D9-4477-B5D9-952D1F09C88B}.Release|Any CPU.Build.0 = Release|Any CPU
	EndGlobalSection
	GlobalSection(SolutionProperties) = preSolution
		HideSolutionNode = FALSE
	EndGlobalSection
	GlobalSection(ExtensibilityGlobals) = postSolution
		SolutionGuid = {0803B4D8-93A9-4542-AC55-0FFC2A392DE5}
	EndGlobalSection
EndGlobal
